// !$*UTF8*$!
{
	archiveVersion = 1;
	classes = {
	};
	objectVersion = 46;
	objects = {

/* Begin PBXBuildFile section */
		840D6C2C1BB0674D00ECC317 /* main.m in Sources */ = {isa = PBXBuildFile; fileRef = 840D6C2B1BB0674D00ECC317 /* main.m */; };
		840D6C2F1BB0674D00ECC317 /* AppDelegate.m in Sources */ = {isa = PBXBuildFile; fileRef = 840D6C2E1BB0674D00ECC317 /* AppDelegate.m */; };
		840D6C371BB0674D00ECC317 /* Assets.xcassets in Resources */ = {isa = PBXBuildFile; fileRef = 840D6C361BB0674D00ECC317 /* Assets.xcassets */; };
		840D6C3A1BB0674D00ECC317 /* LaunchScreen.storyboard in Resources */ = {isa = PBXBuildFile; fileRef = 840D6C381BB0674D00ECC317 /* LaunchScreen.storyboard */; };
		840D6C431BB0689C00ECC317 /* JFScrollView.m in Sources */ = {isa = PBXBuildFile; fileRef = 840D6C421BB0689C00ECC317 /* JFScrollView.m */; settings = {ASSET_TAGS = (); }; };
		840D6C461BB0DFD500ECC317 /* JFContainerView.m in Sources */ = {isa = PBXBuildFile; fileRef = 840D6C451BB0DFD500ECC317 /* JFContainerView.m */; settings = {ASSET_TAGS = (); }; };
/* End PBXBuildFile section */

/* Begin PBXFileReference section */
		840D6C271BB0674D00ECC317 /* 图片轮播器.app */ = {isa = PBXFileReference; explicitFileType = wrapper.application; includeInIndex = 0; path = "图片轮播器.app"; sourceTree = BUILT_PRODUCTS_DIR; };
		840D6C2B1BB0674D00ECC317 /* main.m */ = {isa = PBXFileReference; lastKnownFileType = sourcecode.c.objc; path = main.m; sourceTree = "<group>"; };
		840D6C2D1BB0674D00ECC317 /* AppDelegate.h */ = {isa = PBXFileReference; lastKnownFileType = sourcecode.c.h; path = AppDelegate.h; sourceTree = "<group>"; };
		840D6C2E1BB0674D00ECC317 /* AppDelegate.m */ = {isa = PBXFileReference; lastKnownFileType = sourcecode.c.objc; path = AppDelegate.m; sourceTree = "<group>"; };
		840D6C361BB0674D00ECC317 /* Assets.xcassets */ = {isa = PBXFileReference; lastKnownFileType = folder.assetcatalog; path = Assets.xcassets; sourceTree = "<group>"; };
		840D6C391BB0674D00ECC317 /* Base */ = {isa = PBXFileReference; lastKnownFileType = file.storyboard; name = Base; path = Base.lproj/LaunchScreen.storyboard; sourceTree = "<group>"; };
		840D6C3B1BB0674D00ECC317 /* Info.plist */ = {isa = PBXFileReference; lastKnownFileType = text.plist.xml; path = Info.plist; sourceTree = "<group>"; };
		840D6C411BB0689C00ECC317 /* JFScrollView.h */ = {isa = PBXFileReference; fileEncoding = 4; lastKnownFileType = sourcecode.c.h; path = JFScrollView.h; sourceTree = "<group>"; };
		840D6C421BB0689C00ECC317 /* JFScrollView.m */ = {isa = PBXFileReference; fileEncoding = 4; lastKnownFileType = sourcecode.c.objc; path = JFScrollView.m; sourceTree = "<group>"; };
		840D6C441BB0DFD500ECC317 /* JFContainerView.h */ = {isa = PBXFileReference; fileEncoding = 4; lastKnownFileType = sourcecode.c.h; path = JFContainerView.h; sourceTree = "<group>"; };
		840D6C451BB0DFD500ECC317 /* JFContainerView.m */ = {isa = PBXFileReference; fileEncoding = 4; lastKnownFileType = sourcecode.c.objc; path = JFContainerView.m; sourceTree = "<group>"; };
/* End PBXFileReference section */

/* Begin PBXFrameworksBuildPhase section */
		840D6C241BB0674D00ECC317 /* Frameworks */ = {
			isa = PBXFrameworksBuildPhase;
			buildActionMask = 2147483647;
			files = (
			);
			runOnlyForDeploymentPostprocessing = 0;
		};
/* End PBXFrameworksBuildPhase section */

/* Begin PBXGroup section */
		840D6C1E1BB0674D00ECC317 = {
			isa = PBXGroup;
			children = (
				840D6C291BB0674D00ECC317 /* 图片轮播器 */,
				840D6C281BB0674D00ECC317 /* Products */,
			);
			sourceTree = "<group>";
		};
		840D6C281BB0674D00ECC317 /* Products */ = {
			isa = PBXGroup;
			children = (
				840D6C271BB0674D00ECC317 /* 图片轮播器.app */,
			);
			name = Products;
			sourceTree = "<group>";
		};
		840D6C291BB0674D00ECC317 /* 图片轮播器 */ = {
			isa = PBXGroup;
			children = (
				840D6C2D1BB0674D00ECC317 /* AppDelegate.h */,
				840D6C2E1BB0674D00ECC317 /* AppDelegate.m */,
				840D6C411BB0689C00ECC317 /* JFScrollView.h */,
				840D6C421BB0689C00ECC317 /* JFScrollView.m */,
				840D6C441BB0DFD500ECC317 /* JFContainerView.h */,
				840D6C451BB0DFD500ECC317 /* JFContainerView.m */,
				840D6C361BB0674D00ECC317 /* Assets.xcassets */,
				840D6C381BB0674D00ECC317 /* LaunchScreen.storyboard */,
				840D6C3B1BB0674D00ECC317 /* Info.plist */,
				840D6C2A1BB0674D00ECC317 /* Supporting Files */,
			);
			path = "图片轮播器";
			sourceTree = "<group>";
		};
		840D6C2A1BB0674D00ECC317 /* Supporting Files */ = {
			isa = PBXGroup;
			children = (
				840D6C2B1BB0674D00ECC317 /* main.m */,
			);
			name = "Supporting Files";
			sourceTree = "<group>";
		};
/* End PBXGroup section */

/* Begin PBXNativeTarget section */
		840D6C261BB0674D00ECC317 /* 图片轮播器 */ = {
			isa = PBXNativeTarget;
			buildConfigurationList = 840D6C3E1BB0674D00ECC317 /* Build configuration list for PBXNativeTarget "图片轮播器" */;
			buildPhases = (
				840D6C231BB0674D00ECC317 /* Sources */,
				840D6C241BB0674D00ECC317 /* Frameworks */,
				840D6C251BB0674D00ECC317 /* Resources */,
			);
			buildRules = (
			);
			dependencies = (
			);
			name = "图片轮播器";
			productName = "图片轮播器";
			productReference = 840D6C271BB0674D00ECC317 /* 图片轮播器.app */;
			productType = "com.apple.product-type.application";
		};
/* End PBXNativeTarget section */

/* Begin PBXProject section */
		840D6C1F1BB0674D00ECC317 /* Project object */ = {
			isa = PBXProject;
			attributes = {
				CLASSPREFIX = JF;
				LastUpgradeCheck = 0700;
				ORGANIZATIONNAME = Jefferson;
				TargetAttributes = {
					840D6C261BB0674D00ECC317 = {
						CreatedOnToolsVersion = 7.0;
						DevelopmentTeam = TH9KN2TTBL;
					};
				};
			};
			buildConfigurationList = 840D6C221BB0674D00ECC317 /* Build configuration list for PBXProject "图片轮播器" */;
			compatibilityVersion = "Xcode 3.2";
			developmentRegion = English;
			hasScannedForEncodings = 0;
			knownRegions = (
				en,
				Base,
			);
			mainGroup = 840D6C1E1BB0674D00ECC317;
			productRefGroup = 840D6C281BB0674D00ECC317 /* Products */;
			projectDirPath = "";
			projectRoot = "";
			targets = (
				840D6C261BB0674D00ECC317 /* 图片轮播器 */,
			);
		};
/* End PBXProject section */

/* Begin PBXResourcesBuildPhase section */
		840D6C251BB0674D00ECC317 /* Resources */ = {
			isa = PBXResourcesBuildPhase;
			buildActionMask = 2147483647;
			files = (
				840D6C3A1BB0674D00ECC317 /* LaunchScreen.storyboard in Resources */,
				840D6C371BB0674D00ECC317 /* Assets.xcassets in Resources */,
			);
			runOnlyForDeploymentPostprocessing = 0;
		};
/* End PBXResourcesBuildPhase section */

/* Begin PBXSourcesBuildPhase section */
		840D6C231BB0674D00ECC317 /* Sources */ = {
			isa = PBXSourcesBuildPhase;
			buildActionMask = 2147483647;
			files = (
				840D6C2F1BB0674D00ECC317 /* AppDelegate.m in Sources */,
				840D6C431BB0689C00ECC317 /* JFScrollView.m in Sources */,
				840D6C461BB0DFD500ECC317 /* JFContainerView.m in Sources */,
				840D6C2C1BB0674D00ECC317 /* main.m in Sources */,
			);
			runOnlyForDeploymentPostprocessing = 0;
		};
/* End PBXSourcesBuildPhase section */

/* Begin PBXVariantGroup section */
		840D6C381BB0674D00ECC317 /* LaunchScreen.storyboard */ = {
			isa = PBXVariantGroup;
			children = (
				840D6C391BB0674D00ECC317 /* Base */,
			);
			name = LaunchScreen.storyboard;
			sourceTree = "<group>";
		};
/* End PBXVariantGroup section */

/* Begin XCBuildConfiguration section */
		840D6C3C1BB0674D00ECC317 /* Debug */ = {
			isa = XCBuildConfiguration;
			buildSettings = {
				ALWAYS_SEARCH_USER_PATHS = NO;
				CLANG_CXX_LANGUAGE_STANDARD = "gnu++0x";
				CLANG_CXX_LIBRARY = "libc++";
				CLANG_ENABLE_MODULES = YES;
				CLANG_ENABLE_OBJC_ARC = YES;
				CLANG_WARN_BOOL_CONVERSION = YES;
				CLANG_WARN_CONSTANT_CONVERSION = YES;
				CLANG_WARN_DIRECT_OBJC_ISA_USAGE = YES_ERROR;
				CLANG_WARN_EMPTY_BODY = YES;
				CLANG_WARN_ENUM_CONVERSION = YES;
				CLANG_WARN_INT_CONVERSION = YES;
				CLANG_WARN_OBJC_ROOT_CLASS = YES_ERROR;
				CLANG_WARN_UNREACHABLE_CODE = YES;
				CLANG_WARN__DUPLICATE_METHOD_MATCH = YES;
				"CODE_SIGN_IDENTITY[sdk=iphoneos*]" = "iPhone Developer";
				COPY_PHASE_STRIP = NO;
				DEBUG_INFORMATION_FORMAT = dwarf;
				ENABLE_STRICT_OBJC_MSGSEND = YES;
				ENABLE_TESTABILITY = YES;
				GCC_C_LANGUAGE_STANDARD = gnu99;
				GCC_DYNAMIC_NO_PIC = NO;
				GCC_NO_COMMON_BLOCKS = YES;
				GCC_OPTIMIZATION_LEVEL = 0;
				GCC_PREPROCESSOR_DEFINITIONS = (
					"DEBUG=1",
					"$(inherited)",
				);
				GCC_WARN_64_TO_32_BIT_CONVERSION = YES;
				GCC_WARN_ABOUT_RETURN_TYPE = YES_ERROR;
				GCC_WARN_UNDECLARED_SELECTOR = YES;
				GCC_WARN_UNINITIALIZED_AUTOS = YES_AGGRESSIVE;
				GCC_WARN_UNUSED_FUNCTION = YES;
				GCC_WARN_UNUSED_VARIABLE = YES;
				IPHONEOS_DEPLOYMENT_TARGET = 9.0;
				MTL_ENABLE_DEBUG_INFO = YES;
				ONLY_ACTIVE_ARCH = YES;
				SDKROOT = iphoneos;
				TARGETED_DEVICE_FAMILY = "1,2";
			};
			name = Debug;
		};
		840D6C3D1BB0674D00ECC317 /* Release */ = {
			isa = XCBuildConfiguration;
			buildSettings = {
				ALWAYS_SEARCH_USER_PATHS = NO;
				CLANG_CXX_LANGUAGE_STANDARD = "gnu++0x";
				CLANG_CXX_LIBRARY = "libc++";
				CLANG_ENABLE_MODULES = YES;
				CLANG_ENABLE_OBJC_ARC = YES;
				CLANG_WARN_BOOL_CONVERSION = YES;
				CLANG_WARN_CONSTANT_CONVERSION = YES;
				CLANG_WARN_DIRECT_OBJC_ISA_USAGE = YES_ERROR;
				CLANG_WARN_EMPTY_BODY = YES;
				CLANG_WARN_ENUM_CONVERSION = YES;
				CLANG_WARN_INT_CONVERSION = YES;
				CLANG_WARN_OBJC_ROOT_CLASS = YES_ERROR;
				CLANG_WARN_UNREACHABLE_CODE = YES;
				CLANG_WARN__DUPLICATE_METHOD_MATCH = YES;
				"CODE_SIGN_IDENTITY[sdk=iphoneos*]" = "iPhone Developer";
				COPY_PHASE_STRIP = NO;
				DEBUG_INFORMATION_FORMAT = "dwarf-with-dsym";
				ENABLE_NS_ASSERTIONS = NO;
				ENABLE_STRICT_OBJC_MSGSEND = YES;
				GCC_C_LANGUAGE_STANDARD = gnu99;
				GCC_NO_COMMON_BLOCKS = YES;
				GCC_WARN_64_TO_32_BIT_CONVERSION = YES;
				GCC_WARN_ABOUT_RETURN_TYPE = YES_ERROR;
				GCC_WARN_UNDECLARED_SELECTOR = YES;
				GCC_WARN_UNINITIALIZED_AUTOS = YES_AGGRESSIVE;
				GCC_WARN_UNUSED_FUNCTION = YES;
				GCC_WARN_UNUSED_VARIABLE = YES;
				IPHONEOS_DEPLOYMENT_TARGET = 9.0;
				MTL_ENABLE_DEBUG_INFO = NO;
				SDKROOT = iphoneos;
				TARGETED_DEVICE_FAMILY = "1,2";
				VALIDATE_PRODUCT = YES;
			};
			name = Release;
		};
		840D6C3F1BB0674D00ECC317 /* Debug */ = {
			isa = XCBuildConfiguration;
			buildSettings = {
				ASSETCATALOG_COMPILER_APPICON_NAME = AppIcon;
				INFOPLIST_FILE = "图片轮播器/Info.plist";
				LD_RUNPATH_SEARCH_PATHS = "$(inherited) @executable_path/Frameworks";
				PRODUCT_BUNDLE_IDENTIFIER = "me.wuzer.-----";
				PRODUCT_NAME = "$(TARGET_NAME)";
			};
			name = Debug;
		};
		840D6C401BB0674D00ECC317 /* Release */ = {
			isa = XCBuildConfiguration;
			buildSettings = {
				ASSETCATALOG_COMPILER_APPICON_NAME = AppIcon;
				INFOPLIST_FILE = "图片轮播器/Info.plist";
				LD_RUNPATH_SEARCH_PATHS = "$(inherited) @executable_path/Frameworks";
				PRODUCT_BUNDLE_IDENTIFIER = "me.wuzer.-----";
				PRODUCT_NAME = "$(TARGET_NAME)";
			};
			name = Release;
		};
/* End XCBuildConfiguration section */

/* Begin XCConfigurationList section */
		840D6C221BB0674D00ECC317 /* Build configuration list for PBXProject "图片轮播器" */ = {
			isa = XCConfigurationList;
			buildConfigurations = (
				840D6C3C1BB0674D00ECC317 /* Debug */,
				840D6C3D1BB0674D00ECC317 /* Release */,
			);
			defaultConfigurationIsVisible = 0;
			defaultConfigurationName = Release;
		};
		840D6C3E1BB0674D00ECC317 /* Build configuration list for PBXNativeTarget "图片轮播器" */ = {
			isa = XCConfigurationList;
			buildConfigurations = (
				840D6C3F1BB0674D00ECC317 /* Debug */,
				840D6C401BB0674D00ECC317 /* Release */,
			);
			defaultConfigurationIsVisible = 0;
		};
/* End XCConfigurationList section */
	};
	rootObject = 840D6C1F1BB0674D00ECC317 /* Project object */;
}
